// !$*UTF8*$!
{
	archiveVersion = 1;
	classes = {
	};
	objectVersion = 46;
	objects = {

/* Begin PBXBuildFile section */
		5BA3192EAF1D523C47704398 /* libPods-TMLDemo.a in Frameworks */ = {isa = PBXBuildFile; fileRef = 5A57EE12D71323E70089A3B9 /* libPods-TMLDemo.a */; };
		C0083E941DA03C28003B6833 /* main.m in Sources */ = {isa = PBXBuildFile; fileRef = C0083E931DA03C28003B6833 /* main.m */; };
		C0083E971DA03C28003B6833 /* AppDelegate.m in Sources */ = {isa = PBXBuildFile; fileRef = C0083E961DA03C28003B6833 /* AppDelegate.m */; };
		C0083E9A1DA03C28003B6833 /* RootViewController.m in Sources */ = {isa = PBXBuildFile; fileRef = C0083E991DA03C28003B6833 /* RootViewController.m */; };
		C0083E9D1DA03C28003B6833 /* DataViewController.m in Sources */ = {isa = PBXBuildFile; fileRef = C0083E9C1DA03C28003B6833 /* DataViewController.m */; };
		C0083EA01DA03C28003B6833 /* ModelController.m in Sources */ = {isa = PBXBuildFile; fileRef = C0083E9F1DA03C28003B6833 /* ModelController.m */; };
		C0083EA31DA03C28003B6833 /* Main.storyboard in Resources */ = {isa = PBXBuildFile; fileRef = C0083EA11DA03C28003B6833 /* Main.storyboard */; };
		C0083EA51DA03C28003B6833 /* Assets.xcassets in Resources */ = {isa = PBXBuildFile; fileRef = C0083EA41DA03C28003B6833 /* Assets.xcassets */; };
		C0083EA81DA03C28003B6833 /* LaunchScreen.storyboard in Resources */ = {isa = PBXBuildFile; fileRef = C0083EA61DA03C28003B6833 /* LaunchScreen.storyboard */; };
		C0083EB31DA03C28003B6833 /* TMLDemoTests.m in Sources */ = {isa = PBXBuildFile; fileRef = C0083EB21DA03C28003B6833 /* TMLDemoTests.m */; };
		C0083EBE1DA03C28003B6833 /* TMLDemoUITests.m in Sources */ = {isa = PBXBuildFile; fileRef = C0083EBD1DA03C28003B6833 /* TMLDemoUITests.m */; };
		C0083ED01DA1A3C8003B6833 /* logo.png in Resources */ = {isa = PBXBuildFile; fileRef = C0083ECE1DA1A3C8003B6833 /* logo.png */; };
		C0083ED11DA1A3C8003B6833 /* logo-full.png in Resources */ = {isa = PBXBuildFile; fileRef = C0083ECF1DA1A3C8003B6833 /* logo-full.png */; };
		C0083ED31DA1A3DA003B6833 /* world-map.jpg in Resources */ = {isa = PBXBuildFile; fileRef = C0083ED21DA1A3DA003B6833 /* world-map.jpg */; };
		C0AFE5711DA1BA83006C320F /* SamplesTableViewController.m in Sources */ = {isa = PBXBuildFile; fileRef = C0AFE5701DA1BA83006C320F /* SamplesTableViewController.m */; };
		C52D06CD06D0AF5DAF5198A8 /* libPods-TMLDemoUITests.a in Frameworks */ = {isa = PBXBuildFile; fileRef = F0D1E2B3E0DA14331996C8E1 /* libPods-TMLDemoUITests.a */; };
		E1866D215F3897998F2FDA7E /* libPods-TMLDemoTests.a in Frameworks */ = {isa = PBXBuildFile; fileRef = 05C29BEDE730249B04380EEA /* libPods-TMLDemoTests.a */; };
/* End PBXBuildFile section */

/* Begin PBXContainerItemProxy section */
		C0083EAF1DA03C28003B6833 /* PBXContainerItemProxy */ = {
			isa = PBXContainerItemProxy;
			containerPortal = C0083E871DA03C27003B6833 /* Project object */;
			proxyType = 1;
			remoteGlobalIDString = C0083E8E1DA03C27003B6833;
			remoteInfo = TMLDemo;
		};
		C0083EBA1DA03C28003B6833 /* PBXContainerItemProxy */ = {
			isa = PBXContainerItemProxy;
			containerPortal = C0083E871DA03C27003B6833 /* Project object */;
			proxyType = 1;
			remoteGlobalIDString = C0083E8E1DA03C27003B6833;
			remoteInfo = TMLDemo;
		};
/* End PBXContainerItemProxy section */

/* Begin PBXFileReference section */
		05C29BEDE730249B04380EEA /* libPods-TMLDemoTests.a */ = {isa = PBXFileReference; explicitFileType = archive.ar; includeInIndex = 0; path = "libPods-TMLDemoTests.a"; sourceTree = BUILT_PRODUCTS_DIR; };
		2C32ABE52096BF8B11AA308F /* Pods-TMLDemoUITests.debug.xcconfig */ = {isa = PBXFileReference; includeInIndex = 1; lastKnownFileType = text.xcconfig; name = "Pods-TMLDemoUITests.debug.xcconfig"; path = "Pods/Target Support Files/Pods-TMLDemoUITests/Pods-TMLDemoUITests.debug.xcconfig"; sourceTree = "<group>"; };
		5692BCD812A9D08BED4EC241 /* Pods-TMLDemo.debug.xcconfig */ = {isa = PBXFileReference; includeInIndex = 1; lastKnownFileType = text.xcconfig; name = "Pods-TMLDemo.debug.xcconfig"; path = "Pods/Target Support Files/Pods-TMLDemo/Pods-TMLDemo.debug.xcconfig"; sourceTree = "<group>"; };
		5859DA30CD91F3BF800178AC /* Pods-TMLDemoTests.release.xcconfig */ = {isa = PBXFileReference; includeInIndex = 1; lastKnownFileType = text.xcconfig; name = "Pods-TMLDemoTests.release.xcconfig"; path = "Pods/Target Support Files/Pods-TMLDemoTests/Pods-TMLDemoTests.release.xcconfig"; sourceTree = "<group>"; };
		5A57EE12D71323E70089A3B9 /* libPods-TMLDemo.a */ = {isa = PBXFileReference; explicitFileType = archive.ar; includeInIndex = 0; path = "libPods-TMLDemo.a"; sourceTree = BUILT_PRODUCTS_DIR; };
		A717D850070E5EA04F64BEB8 /* Pods-TMLDemo.release.xcconfig */ = {isa = PBXFileReference; includeInIndex = 1; lastKnownFileType = text.xcconfig; name = "Pods-TMLDemo.release.xcconfig"; path = "Pods/Target Support Files/Pods-TMLDemo/Pods-TMLDemo.release.xcconfig"; sourceTree = "<group>"; };
		ACF0E41C7BCC080E6299755F /* Pods-TMLDemoUITests.release.xcconfig */ = {isa = PBXFileReference; includeInIndex = 1; lastKnownFileType = text.xcconfig; name = "Pods-TMLDemoUITests.release.xcconfig"; path = "Pods/Target Support Files/Pods-TMLDemoUITests/Pods-TMLDemoUITests.release.xcconfig"; sourceTree = "<group>"; };
		C0083E8F1DA03C27003B6833 /* TMLDemo.app */ = {isa = PBXFileReference; explicitFileType = wrapper.application; includeInIndex = 0; path = TMLDemo.app; sourceTree = BUILT_PRODUCTS_DIR; };
		C0083E931DA03C28003B6833 /* main.m */ = {isa = PBXFileReference; lastKnownFileType = sourcecode.c.objc; path = main.m; sourceTree = "<group>"; };
		C0083E951DA03C28003B6833 /* AppDelegate.h */ = {isa = PBXFileReference; lastKnownFileType = sourcecode.c.h; path = AppDelegate.h; sourceTree = "<group>"; };
		C0083E961DA03C28003B6833 /* AppDelegate.m */ = {isa = PBXFileReference; lastKnownFileType = sourcecode.c.objc; path = AppDelegate.m; sourceTree = "<group>"; };
		C0083E981DA03C28003B6833 /* RootViewController.h */ = {isa = PBXFileReference; lastKnownFileType = sourcecode.c.h; path = RootViewController.h; sourceTree = "<group>"; };
		C0083E991DA03C28003B6833 /* RootViewController.m */ = {isa = PBXFileReference; lastKnownFileType = sourcecode.c.objc; path = RootViewController.m; sourceTree = "<group>"; };
		C0083E9B1DA03C28003B6833 /* DataViewController.h */ = {isa = PBXFileReference; lastKnownFileType = sourcecode.c.h; path = DataViewController.h; sourceTree = "<group>"; };
		C0083E9C1DA03C28003B6833 /* DataViewController.m */ = {isa = PBXFileReference; lastKnownFileType = sourcecode.c.objc; path = DataViewController.m; sourceTree = "<group>"; };
		C0083E9E1DA03C28003B6833 /* ModelController.h */ = {isa = PBXFileReference; lastKnownFileType = sourcecode.c.h; path = ModelController.h; sourceTree = "<group>"; };
		C0083E9F1DA03C28003B6833 /* ModelController.m */ = {isa = PBXFileReference; lastKnownFileType = sourcecode.c.objc; path = ModelController.m; sourceTree = "<group>"; };
		C0083EA21DA03C28003B6833 /* Base */ = {isa = PBXFileReference; lastKnownFileType = file.storyboard; name = Base; path = Base.lproj/Main.storyboard; sourceTree = "<group>"; };
		C0083EA41DA03C28003B6833 /* Assets.xcassets */ = {isa = PBXFileReference; lastKnownFileType = folder.assetcatalog; path = Assets.xcassets; sourceTree = "<group>"; };
		C0083EA71DA03C28003B6833 /* Base */ = {isa = PBXFileReference; lastKnownFileType = file.storyboard; name = Base; path = Base.lproj/LaunchScreen.storyboard; sourceTree = "<group>"; };
		C0083EA91DA03C28003B6833 /* Info.plist */ = {isa = PBXFileReference; lastKnownFileType = text.plist.xml; path = Info.plist; sourceTree = "<group>"; };
		C0083EAE1DA03C28003B6833 /* TMLDemoTests.xctest */ = {isa = PBXFileReference; explicitFileType = wrapper.cfbundle; includeInIndex = 0; path = TMLDemoTests.xctest; sourceTree = BUILT_PRODUCTS_DIR; };
		C0083EB21DA03C28003B6833 /* TMLDemoTests.m */ = {isa = PBXFileReference; lastKnownFileType = sourcecode.c.objc; path = TMLDemoTests.m; sourceTree = "<group>"; };
		C0083EB41DA03C28003B6833 /* Info.plist */ = {isa = PBXFileReference; lastKnownFileType = text.plist.xml; path = Info.plist; sourceTree = "<group>"; };
		C0083EB91DA03C28003B6833 /* TMLDemoUITests.xctest */ = {isa = PBXFileReference; explicitFileType = wrapper.cfbundle; includeInIndex = 0; path = TMLDemoUITests.xctest; sourceTree = BUILT_PRODUCTS_DIR; };
		C0083EBD1DA03C28003B6833 /* TMLDemoUITests.m */ = {isa = PBXFileReference; lastKnownFileType = sourcecode.c.objc; path = TMLDemoUITests.m; sourceTree = "<group>"; };
		C0083EBF1DA03C28003B6833 /* Info.plist */ = {isa = PBXFileReference; lastKnownFileType = text.plist.xml; path = Info.plist; sourceTree = "<group>"; };
		C0083ECE1DA1A3C8003B6833 /* logo.png */ = {isa = PBXFileReference; lastKnownFileType = image.png; path = logo.png; sourceTree = "<group>"; };
		C0083ECF1DA1A3C8003B6833 /* logo-full.png */ = {isa = PBXFileReference; lastKnownFileType = image.png; path = "logo-full.png"; sourceTree = "<group>"; };
		C0083ED21DA1A3DA003B6833 /* world-map.jpg */ = {isa = PBXFileReference; lastKnownFileType = image.jpeg; path = "world-map.jpg"; sourceTree = "<group>"; };
		C0AFE56F1DA1BA83006C320F /* SamplesTableViewController.h */ = {isa = PBXFileReference; fileEncoding = 4; lastKnownFileType = sourcecode.c.h; path = SamplesTableViewController.h; sourceTree = "<group>"; };
		C0AFE5701DA1BA83006C320F /* SamplesTableViewController.m */ = {isa = PBXFileReference; fileEncoding = 4; lastKnownFileType = sourcecode.c.objc; path = SamplesTableViewController.m; sourceTree = "<group>"; };
		E00A0DBD9AEB85027A44B0C4 /* Pods-TMLDemoTests.debug.xcconfig */ = {isa = PBXFileReference; includeInIndex = 1; lastKnownFileType = text.xcconfig; name = "Pods-TMLDemoTests.debug.xcconfig"; path = "Pods/Target Support Files/Pods-TMLDemoTests/Pods-TMLDemoTests.debug.xcconfig"; sourceTree = "<group>"; };
		F0D1E2B3E0DA14331996C8E1 /* libPods-TMLDemoUITests.a */ = {isa = PBXFileReference; explicitFileType = archive.ar; includeInIndex = 0; path = "libPods-TMLDemoUITests.a"; sourceTree = BUILT_PRODUCTS_DIR; };
/* End PBXFileReference section */

/* Begin PBXFrameworksBuildPhase section */
		C0083E8C1DA03C27003B6833 /* Frameworks */ = {
			isa = PBXFrameworksBuildPhase;
			buildActionMask = 2147483647;
			files = (
				5BA3192EAF1D523C47704398 /* libPods-TMLDemo.a in Frameworks */,
			);
			runOnlyForDeploymentPostprocessing = 0;
		};
		C0083EAB1DA03C28003B6833 /* Frameworks */ = {
			isa = PBXFrameworksBuildPhase;
			buildActionMask = 2147483647;
			files = (
				E1866D215F3897998F2FDA7E /* libPods-TMLDemoTests.a in Frameworks */,
			);
			runOnlyForDeploymentPostprocessing = 0;
		};
		C0083EB61DA03C28003B6833 /* Frameworks */ = {
			isa = PBXFrameworksBuildPhase;
			buildActionMask = 2147483647;
			files = (
				C52D06CD06D0AF5DAF5198A8 /* libPods-TMLDemoUITests.a in Frameworks */,
			);
			runOnlyForDeploymentPostprocessing = 0;
		};
/* End PBXFrameworksBuildPhase section */

/* Begin PBXGroup section */
		2C2A46DF5C8F05F396C618D2 /* Frameworks */ = {
			isa = PBXGroup;
			children = (
				5A57EE12D71323E70089A3B9 /* libPods-TMLDemo.a */,
				05C29BEDE730249B04380EEA /* libPods-TMLDemoTests.a */,
				F0D1E2B3E0DA14331996C8E1 /* libPods-TMLDemoUITests.a */,
			);
			name = Frameworks;
			sourceTree = "<group>";
		};
		34DB02D6F559FD48A5D7A044 /* Pods */ = {
			isa = PBXGroup;
			children = (
				5692BCD812A9D08BED4EC241 /* Pods-TMLDemo.debug.xcconfig */,
				A717D850070E5EA04F64BEB8 /* Pods-TMLDemo.release.xcconfig */,
				E00A0DBD9AEB85027A44B0C4 /* Pods-TMLDemoTests.debug.xcconfig */,
				5859DA30CD91F3BF800178AC /* Pods-TMLDemoTests.release.xcconfig */,
				2C32ABE52096BF8B11AA308F /* Pods-TMLDemoUITests.debug.xcconfig */,
				ACF0E41C7BCC080E6299755F /* Pods-TMLDemoUITests.release.xcconfig */,
			);
			name = Pods;
			sourceTree = "<group>";
		};
		C0083E861DA03C27003B6833 = {
			isa = PBXGroup;
			children = (
				C0083E911DA03C28003B6833 /* TMLDemo */,
				C0083EB11DA03C28003B6833 /* TMLDemoTests */,
				C0083EBC1DA03C28003B6833 /* TMLDemoUITests */,
				C0083E901DA03C27003B6833 /* Products */,
				34DB02D6F559FD48A5D7A044 /* Pods */,
				2C2A46DF5C8F05F396C618D2 /* Frameworks */,
			);
			sourceTree = "<group>";
		};
		C0083E901DA03C27003B6833 /* Products */ = {
			isa = PBXGroup;
			children = (
				C0083E8F1DA03C27003B6833 /* TMLDemo.app */,
				C0083EAE1DA03C28003B6833 /* TMLDemoTests.xctest */,
				C0083EB91DA03C28003B6833 /* TMLDemoUITests.xctest */,
			);
			name = Products;
			sourceTree = "<group>";
		};
		C0083E911DA03C28003B6833 /* TMLDemo */ = {
			isa = PBXGroup;
			children = (
				C0083ECB1DA15EFE003B6833 /* Assets */,
				C0083E951DA03C28003B6833 /* AppDelegate.h */,
				C0083E961DA03C28003B6833 /* AppDelegate.m */,
				C0083E981DA03C28003B6833 /* RootViewController.h */,
				C0083E991DA03C28003B6833 /* RootViewController.m */,
				C0083E9B1DA03C28003B6833 /* DataViewController.h */,
				C0083E9C1DA03C28003B6833 /* DataViewController.m */,
				C0083E9E1DA03C28003B6833 /* ModelController.h */,
				C0083E9F1DA03C28003B6833 /* ModelController.m */,
				C0083EA11DA03C28003B6833 /* Main.storyboard */,
				C0083EA41DA03C28003B6833 /* Assets.xcassets */,
				C0083EA61DA03C28003B6833 /* LaunchScreen.storyboard */,
				C0083EA91DA03C28003B6833 /* Info.plist */,
				C0083E921DA03C28003B6833 /* Supporting Files */,
				C0AFE56F1DA1BA83006C320F /* SamplesTableViewController.h */,
				C0AFE5701DA1BA83006C320F /* SamplesTableViewController.m */,
			);
			path = TMLDemo;
			sourceTree = "<group>";
		};
		C0083E921DA03C28003B6833 /* Supporting Files */ = {
			isa = PBXGroup;
			children = (
				C0083E931DA03C28003B6833 /* main.m */,
			);
			name = "Supporting Files";
			sourceTree = "<group>";
		};
		C0083EB11DA03C28003B6833 /* TMLDemoTests */ = {
			isa = PBXGroup;
			children = (
				C0083EB21DA03C28003B6833 /* TMLDemoTests.m */,
				C0083EB41DA03C28003B6833 /* Info.plist */,
			);
			path = TMLDemoTests;
			sourceTree = "<group>";
		};
		C0083EBC1DA03C28003B6833 /* TMLDemoUITests */ = {
			isa = PBXGroup;
			children = (
				C0083EBD1DA03C28003B6833 /* TMLDemoUITests.m */,
				C0083EBF1DA03C28003B6833 /* Info.plist */,
			);
			path = TMLDemoUITests;
			sourceTree = "<group>";
		};
		C0083ECB1DA15EFE003B6833 /* Assets */ = {
			isa = PBXGroup;
			children = (
				C0083ED21DA1A3DA003B6833 /* world-map.jpg */,
				C0083ECE1DA1A3C8003B6833 /* logo.png */,
				C0083ECF1DA1A3C8003B6833 /* logo-full.png */,
			);
			name = Assets;
			sourceTree = "<group>";
		};
/* End PBXGroup section */

/* Begin PBXNativeTarget section */
		C0083E8E1DA03C27003B6833 /* TMLDemo */ = {
			isa = PBXNativeTarget;
			buildConfigurationList = C0083EC21DA03C28003B6833 /* Build configuration list for PBXNativeTarget "TMLDemo" */;
			buildPhases = (
				7F3F8785932226D0E0BBDDF9 /* [CP] Check Pods Manifest.lock */,
				C0083E8B1DA03C27003B6833 /* Sources */,
				C0083E8C1DA03C27003B6833 /* Frameworks */,
				C0083E8D1DA03C27003B6833 /* Resources */,
				330530AFBE1780817421418C /* [CP] Embed Pods Frameworks */,
				B29AD11122EF602BF6504119 /* [CP] Copy Pods Resources */,
			);
			buildRules = (
			);
			dependencies = (
			);
			name = TMLDemo;
			productName = TMLDemo;
			productReference = C0083E8F1DA03C27003B6833 /* TMLDemo.app */;
			productType = "com.apple.product-type.application";
		};
		C0083EAD1DA03C28003B6833 /* TMLDemoTests */ = {
			isa = PBXNativeTarget;
			buildConfigurationList = C0083EC51DA03C28003B6833 /* Build configuration list for PBXNativeTarget "TMLDemoTests" */;
			buildPhases = (
				E35E86D3918A16FB2791DF15 /* [CP] Check Pods Manifest.lock */,
				C0083EAA1DA03C28003B6833 /* Sources */,
				C0083EAB1DA03C28003B6833 /* Frameworks */,
				C0083EAC1DA03C28003B6833 /* Resources */,
				749E2CA64F495B89CA4DBE15 /* [CP] Embed Pods Frameworks */,
				D1802545FEF254657F7F9247 /* [CP] Copy Pods Resources */,
			);
			buildRules = (
			);
			dependencies = (
				C0083EB01DA03C28003B6833 /* PBXTargetDependency */,
			);
			name = TMLDemoTests;
			productName = TMLDemoTests;
			productReference = C0083EAE1DA03C28003B6833 /* TMLDemoTests.xctest */;
			productType = "com.apple.product-type.bundle.unit-test";
		};
		C0083EB81DA03C28003B6833 /* TMLDemoUITests */ = {
			isa = PBXNativeTarget;
			buildConfigurationList = C0083EC81DA03C28003B6833 /* Build configuration list for PBXNativeTarget "TMLDemoUITests" */;
			buildPhases = (
				488279184D8284DCA4E881E4 /* [CP] Check Pods Manifest.lock */,
				C0083EB51DA03C28003B6833 /* Sources */,
				C0083EB61DA03C28003B6833 /* Frameworks */,
				C0083EB71DA03C28003B6833 /* Resources */,
				97B2F0A68F31DB255C3F7D1E /* [CP] Copy Pods Resources */,
			);
			buildRules = (
			);
			dependencies = (
				C0083EBB1DA03C28003B6833 /* PBXTargetDependency */,
			);
			name = TMLDemoUITests;
			productName = TMLDemoUITests;
			productReference = C0083EB91DA03C28003B6833 /* TMLDemoUITests.xctest */;
			productType = "com.apple.product-type.bundle.ui-testing";
		};
/* End PBXNativeTarget section */

/* Begin PBXProject section */
		C0083E871DA03C27003B6833 /* Project object */ = {
			isa = PBXProject;
			attributes = {
				LastUpgradeCheck = 0800;
				ORGANIZATIONNAME = "Translation Exchange, Inc";
				TargetAttributes = {
					C0083E8E1DA03C27003B6833 = {
						CreatedOnToolsVersion = 8.0;
						DevelopmentTeam = BUNZXXMXAC;
						ProvisioningStyle = Automatic;
					};
					C0083EAD1DA03C28003B6833 = {
						CreatedOnToolsVersion = 8.0;
						ProvisioningStyle = Automatic;
						TestTargetID = C0083E8E1DA03C27003B6833;
					};
					C0083EB81DA03C28003B6833 = {
						CreatedOnToolsVersion = 8.0;
						ProvisioningStyle = Automatic;
						TestTargetID = C0083E8E1DA03C27003B6833;
					};
				};
			};
			buildConfigurationList = C0083E8A1DA03C27003B6833 /* Build configuration list for PBXProject "TMLDemo" */;
			compatibilityVersion = "Xcode 3.2";
			developmentRegion = English;
			hasScannedForEncodings = 0;
			knownRegions = (
				en,
				Base,
			);
			mainGroup = C0083E861DA03C27003B6833;
			productRefGroup = C0083E901DA03C27003B6833 /* Products */;
			projectDirPath = "";
			projectRoot = "";
			targets = (
				C0083E8E1DA03C27003B6833 /* TMLDemo */,
				C0083EAD1DA03C28003B6833 /* TMLDemoTests */,
				C0083EB81DA03C28003B6833 /* TMLDemoUITests */,
			);
		};
/* End PBXProject section */

/* Begin PBXResourcesBuildPhase section */
		C0083E8D1DA03C27003B6833 /* Resources */ = {
			isa = PBXResourcesBuildPhase;
			buildActionMask = 2147483647;
			files = (
				C0083EA81DA03C28003B6833 /* LaunchScreen.storyboard in Resources */,
				C0083EA51DA03C28003B6833 /* Assets.xcassets in Resources */,
				C0083EA31DA03C28003B6833 /* Main.storyboard in Resources */,
				C0083ED11DA1A3C8003B6833 /* logo-full.png in Resources */,
				C0083ED01DA1A3C8003B6833 /* logo.png in Resources */,
				C0083ED31DA1A3DA003B6833 /* world-map.jpg in Resources */,
			);
			runOnlyForDeploymentPostprocessing = 0;
		};
		C0083EAC1DA03C28003B6833 /* Resources */ = {
			isa = PBXResourcesBuildPhase;
			buildActionMask = 2147483647;
			files = (
			);
			runOnlyForDeploymentPostprocessing = 0;
		};
		C0083EB71DA03C28003B6833 /* Resources */ = {
			isa = PBXResourcesBuildPhase;
			buildActionMask = 2147483647;
			files = (
			);
			runOnlyForDeploymentPostprocessing = 0;
		};
/* End PBXResourcesBuildPhase section */

/* Begin PBXShellScriptBuildPhase section */
		330530AFBE1780817421418C /* [CP] Embed Pods Frameworks */ = {
			isa = PBXShellScriptBuildPhase;
			buildActionMask = 2147483647;
			files = (
			);
			inputPaths = (
			);
			name = "[CP] Embed Pods Frameworks";
			outputPaths = (
			);
			runOnlyForDeploymentPostprocessing = 0;
			shellPath = /bin/sh;
			shellScript = "\"${SRCROOT}/Pods/Target Support Files/Pods-TMLDemo/Pods-TMLDemo-frameworks.sh\"\n";
			showEnvVarsInLog = 0;
		};
		488279184D8284DCA4E881E4 /* [CP] Check Pods Manifest.lock */ = {
			isa = PBXShellScriptBuildPhase;
			buildActionMask = 2147483647;
			files = (
			);
			inputPaths = (
			);
			name = "[CP] Check Pods Manifest.lock";
			outputPaths = (
			);
			runOnlyForDeploymentPostprocessing = 0;
			shellPath = /bin/sh;
			shellScript = "diff \"${PODS_ROOT}/../Podfile.lock\" \"${PODS_ROOT}/Manifest.lock\" > /dev/null\nif [[ $? != 0 ]] ; then\n    cat << EOM\nerror: The sandbox is not in sync with the Podfile.lock. Run 'pod install' or update your CocoaPods installation.\nEOM\n    exit 1\nfi\n";
			showEnvVarsInLog = 0;
		};
		749E2CA64F495B89CA4DBE15 /* [CP] Embed Pods Frameworks */ = {
			isa = PBXShellScriptBuildPhase;
			buildActionMask = 2147483647;
			files = (
			);
			inputPaths = (
			);
			name = "[CP] Embed Pods Frameworks";
			outputPaths = (
			);
			runOnlyForDeploymentPostprocessing = 0;
			shellPath = /bin/sh;
			shellScript = "\"${SRCROOT}/Pods/Target Support Files/Pods-TMLDemoTests/Pods-TMLDemoTests-frameworks.sh\"\n";
			showEnvVarsInLog = 0;
		};
		7F3F8785932226D0E0BBDDF9 /* [CP] Check Pods Manifest.lock */ = {
			isa = PBXShellScriptBuildPhase;
			buildActionMask = 2147483647;
			files = (
			);
			inputPaths = (
			);
			name = "[CP] Check Pods Manifest.lock";
			outputPaths = (
			);
			runOnlyForDeploymentPostprocessing = 0;
			shellPath = /bin/sh;
			shellScript = "diff \"${PODS_ROOT}/../Podfile.lock\" \"${PODS_ROOT}/Manifest.lock\" > /dev/null\nif [[ $? != 0 ]] ; then\n    cat << EOM\nerror: The sandbox is not in sync with the Podfile.lock. Run 'pod install' or update your CocoaPods installation.\nEOM\n    exit 1\nfi\n";
			showEnvVarsInLog = 0;
		};
		97B2F0A68F31DB255C3F7D1E /* [CP] Copy Pods Resources */ = {
			isa = PBXShellScriptBuildPhase;
			buildActionMask = 2147483647;
			files = (
			);
			inputPaths = (
			);
			name = "[CP] Copy Pods Resources";
			outputPaths = (
			);
			runOnlyForDeploymentPostprocessing = 0;
			shellPath = /bin/sh;
			shellScript = "\"${SRCROOT}/Pods/Target Support Files/Pods-TMLDemoUITests/Pods-TMLDemoUITests-resources.sh\"\n";
			showEnvVarsInLog = 0;
		};
		B29AD11122EF602BF6504119 /* [CP] Copy Pods Resources */ = {
			isa = PBXShellScriptBuildPhase;
			buildActionMask = 2147483647;
			files = (
			);
			inputPaths = (
			);
			name = "[CP] Copy Pods Resources";
			outputPaths = (
			);
			runOnlyForDeploymentPostprocessing = 0;
			shellPath = /bin/sh;
			shellScript = "\"${SRCROOT}/Pods/Target Support Files/Pods-TMLDemo/Pods-TMLDemo-resources.sh\"\n";
			showEnvVarsInLog = 0;
		};
		D1802545FEF254657F7F9247 /* [CP] Copy Pods Resources */ = {
			isa = PBXShellScriptBuildPhase;
			buildActionMask = 2147483647;
			files = (
			);
			inputPaths = (
			);
			name = "[CP] Copy Pods Resources";
			outputPaths = (
			);
			runOnlyForDeploymentPostprocessing = 0;
			shellPath = /bin/sh;
			shellScript = "\"${SRCROOT}/Pods/Target Support Files/Pods-TMLDemoTests/Pods-TMLDemoTests-resources.sh\"\n";
			showEnvVarsInLog = 0;
		};
		E35E86D3918A16FB2791DF15 /* [CP] Check Pods Manifest.lock */ = {
			isa = PBXShellScriptBuildPhase;
			buildActionMask = 2147483647;
			files = (
			);
			inputPaths = (
			);
			name = "[CP] Check Pods Manifest.lock";
			outputPaths = (
			);
			runOnlyForDeploymentPostprocessing = 0;
			shellPath = /bin/sh;
			shellScript = "diff \"${PODS_ROOT}/../Podfile.lock\" \"${PODS_ROOT}/Manifest.lock\" > /dev/null\nif [[ $? != 0 ]] ; then\n    cat << EOM\nerror: The sandbox is not in sync with the Podfile.lock. Run 'pod install' or update your CocoaPods installation.\nEOM\n    exit 1\nfi\n";
			showEnvVarsInLog = 0;
		};
/* End PBXShellScriptBuildPhase section */

/* Begin PBXSourcesBuildPhase section */
		C0083E8B1DA03C27003B6833 /* Sources */ = {
			isa = PBXSourcesBuildPhase;
			buildActionMask = 2147483647;
			files = (
				C0083E9D1DA03C28003B6833 /* DataViewController.m in Sources */,
				C0083E971DA03C28003B6833 /* AppDelegate.m in Sources */,
				C0083EA01DA03C28003B6833 /* ModelController.m in Sources */,
				C0AFE5711DA1BA83006C320F /* SamplesTableViewController.m in Sources */,
				C0083E941DA03C28003B6833 /* main.m in Sources */,
				C0083E9A1DA03C28003B6833 /* RootViewController.m in Sources */,
			);
			runOnlyForDeploymentPostprocessing = 0;
		};
		C0083EAA1DA03C28003B6833 /* Sources */ = {
			isa = PBXSourcesBuildPhase;
			buildActionMask = 2147483647;
			files = (
				C0083EB31DA03C28003B6833 /* TMLDemoTests.m in Sources */,
			);
			runOnlyForDeploymentPostprocessing = 0;
		};
		C0083EB51DA03C28003B6833 /* Sources */ = {
			isa = PBXSourcesBuildPhase;
			buildActionMask = 2147483647;
			files = (
				C0083EBE1DA03C28003B6833 /* TMLDemoUITests.m in Sources */,
			);
			runOnlyForDeploymentPostprocessing = 0;
		};
/* End PBXSourcesBuildPhase section */

/* Begin PBXTargetDependency section */
		C0083EB01DA03C28003B6833 /* PBXTargetDependency */ = {
			isa = PBXTargetDependency;
			target = C0083E8E1DA03C27003B6833 /* TMLDemo */;
			targetProxy = C0083EAF1DA03C28003B6833 /* PBXContainerItemProxy */;
		};
		C0083EBB1DA03C28003B6833 /* PBXTargetDependency */ = {
			isa = PBXTargetDependency;
			target = C0083E8E1DA03C27003B6833 /* TMLDemo */;
			targetProxy = C0083EBA1DA03C28003B6833 /* PBXContainerItemProxy */;
		};
/* End PBXTargetDependency section */

/* Begin PBXVariantGroup section */
		C0083EA11DA03C28003B6833 /* Main.storyboard */ = {
			isa = PBXVariantGroup;
			children = (
				C0083EA21DA03C28003B6833 /* Base */,
			);
			name = Main.storyboard;
			sourceTree = "<group>";
		};
		C0083EA61DA03C28003B6833 /* LaunchScreen.storyboard */ = {
			isa = PBXVariantGroup;
			children = (
				C0083EA71DA03C28003B6833 /* Base */,
			);
			name = LaunchScreen.storyboard;
			sourceTree = "<group>";
		};
/* End PBXVariantGroup section */

/* Begin XCBuildConfiguration section */
		C0083EC01DA03C28003B6833 /* Debug */ = {
			isa = XCBuildConfiguration;
			buildSettings = {
				ALWAYS_SEARCH_USER_PATHS = NO;
				CLANG_ANALYZER_NONNULL = YES;
				CLANG_CXX_LANGUAGE_STANDARD = "gnu++0x";
				CLANG_CXX_LIBRARY = "libc++";
				CLANG_ENABLE_MODULES = YES;
				CLANG_ENABLE_OBJC_ARC = YES;
				CLANG_WARN_BOOL_CONVERSION = YES;
				CLANG_WARN_CONSTANT_CONVERSION = YES;
				CLANG_WARN_DIRECT_OBJC_ISA_USAGE = YES_ERROR;
				CLANG_WARN_DOCUMENTATION_COMMENTS = YES;
				CLANG_WARN_EMPTY_BODY = YES;
				CLANG_WARN_ENUM_CONVERSION = YES;
				CLANG_WARN_INFINITE_RECURSION = YES;
				CLANG_WARN_INT_CONVERSION = YES;
				CLANG_WARN_OBJC_ROOT_CLASS = YES_ERROR;
				CLANG_WARN_SUSPICIOUS_MOVES = YES;
				CLANG_WARN_UNREACHABLE_CODE = YES;
				CLANG_WARN__DUPLICATE_METHOD_MATCH = YES;
				"CODE_SIGN_IDENTITY[sdk=iphoneos*]" = "iPhone Developer";
				COPY_PHASE_STRIP = NO;
				DEBUG_INFORMATION_FORMAT = dwarf;
				ENABLE_STRICT_OBJC_MSGSEND = YES;
				ENABLE_TESTABILITY = YES;
				GCC_C_LANGUAGE_STANDARD = gnu99;
				GCC_DYNAMIC_NO_PIC = NO;
				GCC_NO_COMMON_BLOCKS = YES;
				GCC_OPTIMIZATION_LEVEL = 0;
				GCC_PREPROCESSOR_DEFINITIONS = (
					"DEBUG=1",
					"$(inherited)",
				);
				GCC_WARN_64_TO_32_BIT_CONVERSION = YES;
				GCC_WARN_ABOUT_RETURN_TYPE = YES_ERROR;
				GCC_WARN_UNDECLARED_SELECTOR = YES;
				GCC_WARN_UNINITIALIZED_AUTOS = YES_AGGRESSIVE;
				GCC_WARN_UNUSED_FUNCTION = YES;
				GCC_WARN_UNUSED_VARIABLE = YES;
				IPHONEOS_DEPLOYMENT_TARGET = 10.0;
				MTL_ENABLE_DEBUG_INFO = YES;
				ONLY_ACTIVE_ARCH = YES;
				SDKROOT = iphoneos;
				TARGETED_DEVICE_FAMILY = "1,2";
			};
			name = Debug;
		};
		C0083EC11DA03C28003B6833 /* Release */ = {
			isa = XCBuildConfiguration;
			buildSettings = {
				ALWAYS_SEARCH_USER_PATHS = NO;
				CLANG_ANALYZER_NONNULL = YES;
				CLANG_CXX_LANGUAGE_STANDARD = "gnu++0x";
				CLANG_CXX_LIBRARY = "libc++";
				CLANG_ENABLE_MODULES = YES;
				CLANG_ENABLE_OBJC_ARC = YES;
				CLANG_WARN_BOOL_CONVERSION = YES;
				CLANG_WARN_CONSTANT_CONVERSION = YES;
				CLANG_WARN_DIRECT_OBJC_ISA_USAGE = YES_ERROR;
				CLANG_WARN_DOCUMENTATION_COMMENTS = YES;
				CLANG_WARN_EMPTY_BODY = YES;
				CLANG_WARN_ENUM_CONVERSION = YES;
				CLANG_WARN_INFINITE_RECURSION = YES;
				CLANG_WARN_INT_CONVERSION = YES;
				CLANG_WARN_OBJC_ROOT_CLASS = YES_ERROR;
				CLANG_WARN_SUSPICIOUS_MOVES = YES;
				CLANG_WARN_UNREACHABLE_CODE = YES;
				CLANG_WARN__DUPLICATE_METHOD_MATCH = YES;
				"CODE_SIGN_IDENTITY[sdk=iphoneos*]" = "iPhone Developer";
				COPY_PHASE_STRIP = NO;
				DEBUG_INFORMATION_FORMAT = "dwarf-with-dsym";
				ENABLE_NS_ASSERTIONS = NO;
				ENABLE_STRICT_OBJC_MSGSEND = YES;
				GCC_C_LANGUAGE_STANDARD = gnu99;
				GCC_NO_COMMON_BLOCKS = YES;
				GCC_WARN_64_TO_32_BIT_CONVERSION = YES;
				GCC_WARN_ABOUT_RETURN_TYPE = YES_ERROR;
				GCC_WARN_UNDECLARED_SELECTOR = YES;
				GCC_WARN_UNINITIALIZED_AUTOS = YES_AGGRESSIVE;
				GCC_WARN_UNUSED_FUNCTION = YES;
				GCC_WARN_UNUSED_VARIABLE = YES;
				IPHONEOS_DEPLOYMENT_TARGET = 10.0;
				MTL_ENABLE_DEBUG_INFO = NO;
				SDKROOT = iphoneos;
				TARGETED_DEVICE_FAMILY = "1,2";
				VALIDATE_PRODUCT = YES;
			};
			name = Release;
		};
		C0083EC31DA03C28003B6833 /* Debug */ = {
			isa = XCBuildConfiguration;
			baseConfigurationReference = 5692BCD812A9D08BED4EC241 /* Pods-TMLDemo.debug.xcconfig */;
			buildSettings = {
				ASSETCATALOG_COMPILER_APPICON_NAME = AppIcon;
				DEVELOPMENT_TEAM = BUNZXXMXAC;
				INFOPLIST_FILE = TMLDemo/Info.plist;
				LD_RUNPATH_SEARCH_PATHS = "$(inherited) @executable_path/Frameworks";
				PRODUCT_BUNDLE_IDENTIFIER = com.translationexchange.TMLDemo;
				PRODUCT_NAME = "$(TARGET_NAME)";
			};
			name = Debug;
		};
		C0083EC41DA03C28003B6833 /* Release */ = {
			isa = XCBuildConfiguration;
			baseConfigurationReference = A717D850070E5EA04F64BEB8 /* Pods-TMLDemo.release.xcconfig */;
			buildSettings = {
				ASSETCATALOG_COMPILER_APPICON_NAME = AppIcon;
				DEVELOPMENT_TEAM = BUNZXXMXAC;
				INFOPLIST_FILE = TMLDemo/Info.plist;
				LD_RUNPATH_SEARCH_PATHS = "$(inherited) @executable_path/Frameworks";
				PRODUCT_BUNDLE_IDENTIFIER = com.translationexchange.TMLDemo;
				PRODUCT_NAME = "$(TARGET_NAME)";
			};
			name = Release;
		};
		C0083EC61DA03C28003B6833 /* Debug */ = {
			isa = XCBuildConfiguration;
			baseConfigurationReference = E00A0DBD9AEB85027A44B0C4 /* Pods-TMLDemoTests.debug.xcconfig */;
			buildSettings = {
				BUNDLE_LOADER = "$(TEST_HOST)";
				INFOPLIST_FILE = TMLDemoTests/Info.plist;
				LD_RUNPATH_SEARCH_PATHS = "$(inherited) @executable_path/Frameworks @loader_path/Frameworks";
				PRODUCT_BUNDLE_IDENTIFIER = com.translationexchange.TMLDemoTests;
				PRODUCT_NAME = "$(TARGET_NAME)";
				TEST_HOST = "$(BUILT_PRODUCTS_DIR)/TMLDemo.app/TMLDemo";
			};
			name = Debug;
		};
		C0083EC71DA03C28003B6833 /* Release */ = {
			isa = XCBuildConfiguration;
			baseConfigurationReference = 5859DA30CD91F3BF800178AC /* Pods-TMLDemoTests.release.xcconfig */;
			buildSettings = {
				BUNDLE_LOADER = "$(TEST_HOST)";
				INFOPLIST_FILE = TMLDemoTests/Info.plist;
				LD_RUNPATH_SEARCH_PATHS = "$(inherited) @executable_path/Frameworks @loader_path/Frameworks";
				PRODUCT_BUNDLE_IDENTIFIER = com.translationexchange.TMLDemoTests;
				PRODUCT_NAME = "$(TARGET_NAME)";
				TEST_HOST = "$(BUILT_PRODUCTS_DIR)/TMLDemo.app/TMLDemo";
			};
			name = Release;
		};
		C0083EC91DA03C28003B6833 /* Debug */ = {
			isa = XCBuildConfiguration;
			baseConfigurationReference = 2C32ABE52096BF8B11AA308F /* Pods-TMLDemoUITests.debug.xcconfig */;
			buildSettings = {
				INFOPLIST_FILE = TMLDemoUITests/Info.plist;
				LD_RUNPATH_SEARCH_PATHS = "$(inherited) @executable_path/Frameworks @loader_path/Frameworks";
				PRODUCT_BUNDLE_IDENTIFIER = com.translationexchange.TMLDemoUITests;
				PRODUCT_NAME = "$(TARGET_NAME)";
				TEST_TARGET_NAME = TMLDemo;
			};
			name = Debug;
		};
		C0083ECA1DA03C28003B6833 /* Release */ = {
			isa = XCBuildConfiguration;
			baseConfigurationReference = ACF0E41C7BCC080E6299755F /* Pods-TMLDemoUITests.release.xcconfig */;
			buildSettings = {
				INFOPLIST_FILE = TMLDemoUITests/Info.plist;
				LD_RUNPATH_SEARCH_PATHS = "$(inherited) @executable_path/Frameworks @loader_path/Frameworks";
				PRODUCT_BUNDLE_IDENTIFIER = com.translationexchange.TMLDemoUITests;
				PRODUCT_NAME = "$(TARGET_NAME)";
				TEST_TARGET_NAME = TMLDemo;
			};
			name = Release;
		};
/* End XCBuildConfiguration section */

/* Begin XCConfigurationList section */
		C0083E8A1DA03C27003B6833 /* Build configuration list for PBXProject "TMLDemo" */ = {
			isa = XCConfigurationList;
			buildConfigurations = (
				C0083EC01DA03C28003B6833 /* Debug */,
				C0083EC11DA03C28003B6833 /* Release */,
			);
			defaultConfigurationIsVisible = 0;
			defaultConfigurationName = Release;
		};
		C0083EC21DA03C28003B6833 /* Build configuration list for PBXNativeTarget "TMLDemo" */ = {
			isa = XCConfigurationList;
			buildConfigurations = (
				C0083EC31DA03C28003B6833 /* Debug */,
				C0083EC41DA03C28003B6833 /* Release */,
			);
			defaultConfigurationIsVisible = 0;
			defaultConfigurationName = Release;
		};
		C0083EC51DA03C28003B6833 /* Build configuration list for PBXNativeTarget "TMLDemoTests" */ = {
			isa = XCConfigurationList;
			buildConfigurations = (
				C0083EC61DA03C28003B6833 /* Debug */,
				C0083EC71DA03C28003B6833 /* Release */,
			);
			defaultConfigurationIsVisible = 0;
			defaultConfigurationName = Release;
		};
		C0083EC81DA03C28003B6833 /* Build configuration list for PBXNativeTarget "TMLDemoUITests" */ = {
			isa = XCConfigurationList;
			buildConfigurations = (
				C0083EC91DA03C28003B6833 /* Debug */,
				C0083ECA1DA03C28003B6833 /* Release */,
			);
			defaultConfigurationIsVisible = 0;
			defaultConfigurationName = Release;
		};
/* End XCConfigurationList section */
	};
	rootObject = C0083E871DA03C27003B6833 /* Project object */;
}
